PODS:
  - Sparkle (1.18.1)
  - SpotifyKit (0.0.3)

DEPENDENCIES:
  - Sparkle
  - SpotifyKit (from `https://github.com/xzzz9097/SpotifyKit.git`)

EXTERNAL SOURCES:
  SpotifyKit:
    :git: https://github.com/xzzz9097/SpotifyKit.git

CHECKOUT OPTIONS:
  SpotifyKit:
    :commit: b8614b937019c16f819c65839f06f0b255e90af9
    :git: https://github.com/xzzz9097/SpotifyKit.git

SPEC CHECKSUMS:
  Sparkle: 06ea33170007c5937ee54da481b4481af98fac79
  SpotifyKit: 0fac5002855455fa4a14464849c61574212584dc

PODFILE CHECKSUM: febe3668f41452211c7f8604b8f00b1b2b7ee6de

COCOAPODS: 1.3.1
