PODS:
  - MASPreferences (1.3)
  - Sparkle (1.20.0)
  - SpotifyKit (0.0.5)

DEPENDENCIES:
  - MASPreferences
  - Sparkle
  - SpotifyKit (from `https://github.com/xzzz9097/SpotifyKit.git`)

SPEC REPOS:
  https://github.com/cocoapods/specs.git:
    - MASPreferences
    - Sparkle

EXTERNAL SOURCES:
  SpotifyKit:
    :git: https://github.com/xzzz9097/SpotifyKit.git

CHECKOUT OPTIONS:
  SpotifyKit:
    :commit: 7c39c1a4d4db97bc15e3b7952b963b595adcfec5
    :git: https://github.com/xzzz9097/SpotifyKit.git

SPEC CHECKSUMS:
  MASPreferences: c08b8622dd17b47da87669e741efd7c92e970e8c
  Sparkle: 48999e7ee032f05ca05e28451eadf4af8ede6b44
  SpotifyKit: eea0876200c3b9deed7181bb53eb585a6125c830

PODFILE CHECKSUM: be0c2c61163df39d887731d268cf60f860911d15

COCOAPODS: 1.5.3
