// !$*UTF8*$!
{
	archiveVersion = 1;
	classes = {
	};
	objectVersion = 46;
	objects = {

/* Begin PBXBuildFile section */
		0C0980571E2830E500FF9FE0 /* NSTouch+Extensions.swift in Sources */ = {isa = PBXBuildFile; fileRef = 0C0980561E2830E500FF9FE0 /* NSTouch+Extensions.swift */; };
		0C1B1F5F1F17C065009D4588 /* DFRFoundation.framework in Frameworks */ = {isa = PBXBuildFile; fileRef = 0C3382CD1F14F372000D74F9 /* DFRFoundation.framework */; };
		0C1F20EC1F2B21E50055ACAC /* NSCustomizableButton.swift in Sources */ = {isa = PBXBuildFile; fileRef = 0C1F20EB1F2B21E50055ACAC /* NSCustomizableButton.swift */; };
		0C1F20F41F2B9F3C0055ACAC /* Preferences.swift in Sources */ = {isa = PBXBuildFile; fileRef = 0C1F20F31F2B9F3C0055ACAC /* Preferences.swift */; };
		0C21EBC01E12F9C700E9268C /* NSWindow+Extensions.swift in Sources */ = {isa = PBXBuildFile; fileRef = 0C21EBBF1E12F9C700E9268C /* NSWindow+Extensions.swift */; };
		0C3750D11EFC29C700EE19AE /* Slider.swift in Sources */ = {isa = PBXBuildFile; fileRef = 0C3750D01EFC29C700EE19AE /* Slider.swift */; };
		0C3EEA4A1F8A1D8300056FA7 /* KeyCombination.swift in Sources */ = {isa = PBXBuildFile; fileRef = 0C3EEA491F8A1D8300056FA7 /* KeyCombination.swift */; };
		0C3FFF491F9CD5B1006B7A5C /* KeySensitiveTableView.swift in Sources */ = {isa = PBXBuildFile; fileRef = 0C3FFF481F9CD5B1006B7A5C /* KeySensitiveTableView.swift */; };
		0C474DB31F839BEB0067BC8C /* PlayerEvent.swift in Sources */ = {isa = PBXBuildFile; fileRef = 0C474DB21F839BEB0067BC8C /* PlayerEvent.swift */; };
		0C474DB51F839C720067BC8C /* PlayerNotification.swift in Sources */ = {isa = PBXBuildFile; fileRef = 0C474DB41F839C720067BC8C /* PlayerNotification.swift */; };
		0C48DA421E181C0B0059BA69 /* PlayersManager.swift in Sources */ = {isa = PBXBuildFile; fileRef = 0C48DA411E181C0B0059BA69 /* PlayersManager.swift */; };
		0C4AF0491F9A305000240EAB /* SearchController.swift in Sources */ = {isa = PBXBuildFile; fileRef = 0C4AF0481F9A305000240EAB /* SearchController.swift */; };
		0C55B89D1F3F87C7002B4CF0 /* NSView+Extensions.swift in Sources */ = {isa = PBXBuildFile; fileRef = 0C55B89C1F3F87C7002B4CF0 /* NSView+Extensions.swift */; };
		0C56FEDA1F4AB5E200A247CB /* Imageable+Tint.swift in Sources */ = {isa = PBXBuildFile; fileRef = 0C56FED91F4AB5E200A247CB /* Imageable+Tint.swift */; };
		0C5B6CC71F1E4D6D007DDC0F /* TouchBarMaker.swift in Sources */ = {isa = PBXBuildFile; fileRef = 0C5B6CC61F1E4D6D007DDC0F /* TouchBarMaker.swift */; };
		0C5E94F81E214A02000E0013 /* Double+Extensions.swift in Sources */ = {isa = PBXBuildFile; fileRef = 0C5E94F71E214A02000E0013 /* Double+Extensions.swift */; };
		0C676BD91DF4834100B75164 /* WindowController+RemoteCommandCenter.swift in Sources */ = {isa = PBXBuildFile; fileRef = 0C676BD81DF4834100B75164 /* WindowController+RemoteCommandCenter.swift */; };
		0C6C10B31F9B60B400C20061 /* ResultsTableCellView.swift in Sources */ = {isa = PBXBuildFile; fileRef = 0C6C10B21F9B60B400C20061 /* ResultsTableCellView.swift */; };
		0C6C10B51F9B8FDF00C20061 /* CustomHighlightTableRowView.swift in Sources */ = {isa = PBXBuildFile; fileRef = 0C6C10B41F9B8FDF00C20061 /* CustomHighlightTableRowView.swift */; };
		0C8162B81F29021300529F5E /* NSMediaSliderTouchBarItem.swift in Sources */ = {isa = PBXBuildFile; fileRef = 0C8162B71F29021300529F5E /* NSMediaSliderTouchBarItem.swift */; };
		0C8B16791F82A31C0009BE7B /* NSBezierPath+CGPath.swift in Sources */ = {isa = PBXBuildFile; fileRef = 0C8B16781F82A31C0009BE7B /* NSBezierPath+CGPath.swift */; };
		0C8E3BC11E3CC43900C8EBD1 /* iTunesHelper.swift in Sources */ = {isa = PBXBuildFile; fileRef = 0C8E3BC01E3CC43900C8EBD1 /* iTunesHelper.swift */; };
		0C9A60BE1DE6071F0051CDC6 /* Song.swift in Sources */ = {isa = PBXBuildFile; fileRef = 0C9A60BD1DE6071F0051CDC6 /* Song.swift */; };
		0C9A60C71DE75DCC0051CDC6 /* Imageable+Download.swift in Sources */ = {isa = PBXBuildFile; fileRef = 0C9A60C61DE75DCC0051CDC6 /* Imageable+Download.swift */; };
		0C9A60D91DE79B6D0051CDC6 /* Carbon.framework in Frameworks */ = {isa = PBXBuildFile; fileRef = 0C9A60D81DE79B6D0051CDC6 /* Carbon.framework */; };
		0C9B62271E1C357100660633 /* NSImageColors.swift in Sources */ = {isa = PBXBuildFile; fileRef = 0C9B62261E1C357100660633 /* NSImageColors.swift */; };
		0C9B622C1E1D696400660633 /* Animations.swift in Sources */ = {isa = PBXBuildFile; fileRef = 0C9B622B1E1D696400660633 /* Animations.swift */; };
		0C9B62331E1EAE9100660633 /* ButtonCell.swift in Sources */ = {isa = PBXBuildFile; fileRef = 0C9B62321E1EAE9100660633 /* ButtonCell.swift */; };
		0CA45AC31F17D0DB00B2DD21 /* DFRPrivateHeader.m in Sources */ = {isa = PBXBuildFile; fileRef = 0CA45AC21F17D0DB00B2DD21 /* DFRPrivateHeader.m */; };
		0CA5FA621ED1DC9500248A91 /* dsa_pub.pem in Resources */ = {isa = PBXBuildFile; fileRef = 0CA5FA611ED1DC9500248A91 /* dsa_pub.pem */; };
		0CAB4ED221064F8600CC118A /* iTunesLibrary.framework in Frameworks */ = {isa = PBXBuildFile; fileRef = 0CAB4ED121064F8600CC118A /* iTunesLibrary.framework */; };
		0CB0E0511DEE04AD00B4DF17 /* PlayerHelper.swift in Sources */ = {isa = PBXBuildFile; fileRef = 0CB0E0501DEE04AD00B4DF17 /* PlayerHelper.swift */; };
		0CC8466B1DF728AE00941787 /* MPRemoteCommand+Extensions.swift in Sources */ = {isa = PBXBuildFile; fileRef = 0CC8466A1DF728AE00941787 /* MPRemoteCommand+Extensions.swift */; };
		0CCD27661DF01F440039ACDC /* DDHotKeyCenter.m in Sources */ = {isa = PBXBuildFile; fileRef = 0CCD27611DF01F440039ACDC /* DDHotKeyCenter.m */; };
		0CCD27671DF01F440039ACDC /* DDHotKeyTextField.m in Sources */ = {isa = PBXBuildFile; fileRef = 0CCD27631DF01F440039ACDC /* DDHotKeyTextField.m */; };
		0CCD27681DF01F440039ACDC /* DDHotKeyUtilities.m in Sources */ = {isa = PBXBuildFile; fileRef = 0CCD27651DF01F440039ACDC /* DDHotKeyUtilities.m */; };
		0CD2870E1E106D4600EF0E73 /* NSImage+Extensions.swift in Sources */ = {isa = PBXBuildFile; fileRef = 0CD2870D1E106D4600EF0E73 /* NSImage+Extensions.swift */; };
		0CDD1ADB1DF04B570027661A /* SliderCell.swift in Sources */ = {isa = PBXBuildFile; fileRef = 0CDD1ADA1DF04B560027661A /* SliderCell.swift */; };
		0CEAEB391E14583500BD68D5 /* String+Extensions.swift in Sources */ = {isa = PBXBuildFile; fileRef = 0CEAEB381E14583500BD68D5 /* String+Extensions.swift */; };
		0CEAEB3D1E15A34400BD68D5 /* VoxHelper.swift in Sources */ = {isa = PBXBuildFile; fileRef = 0CEAEB3C1E15A34400BD68D5 /* VoxHelper.swift */; };
		0CEAEB3F1E16624800BD68D5 /* DispatchQueue+Extensions.swift in Sources */ = {isa = PBXBuildFile; fileRef = 0CEAEB3E1E16624800BD68D5 /* DispatchQueue+Extensions.swift */; };
		0CF8B7E41DF9772900CDD130 /* NSHoverableView.swift in Sources */ = {isa = PBXBuildFile; fileRef = 0CF8B7E31DF9772900CDD130 /* NSHoverableView.swift */; };
		0CFA0FDD1DF37059007DA6AE /* MediaPlayer.framework in Frameworks */ = {isa = PBXBuildFile; fileRef = 0CFA0FDC1DF37059007DA6AE /* MediaPlayer.framework */; };
		0CFF466A1DE3826300A3BE8E /* AppDelegate.swift in Sources */ = {isa = PBXBuildFile; fileRef = 0CFF46691DE3826300A3BE8E /* AppDelegate.swift */; };
		0CFF466C1DE3826300A3BE8E /* ViewController.swift in Sources */ = {isa = PBXBuildFile; fileRef = 0CFF466B1DE3826300A3BE8E /* ViewController.swift */; };
		0CFF466E1DE3826300A3BE8E /* Assets.xcassets in Resources */ = {isa = PBXBuildFile; fileRef = 0CFF466D1DE3826300A3BE8E /* Assets.xcassets */; };
		0CFF46711DE3826300A3BE8E /* Main.storyboard in Resources */ = {isa = PBXBuildFile; fileRef = 0CFF466F1DE3826300A3BE8E /* Main.storyboard */; };
		0CFF467C1DE3826300A3BE8E /* MuseTests.swift in Sources */ = {isa = PBXBuildFile; fileRef = 0CFF467B1DE3826300A3BE8E /* MuseTests.swift */; };
		0CFF46871DE3826300A3BE8E /* MuseUITests.swift in Sources */ = {isa = PBXBuildFile; fileRef = 0CFF46861DE3826300A3BE8E /* MuseUITests.swift */; };
		0CFF46951DE382BA00A3BE8E /* WindowController.swift in Sources */ = {isa = PBXBuildFile; fileRef = 0CFF46941DE382BA00A3BE8E /* WindowController.swift */; };
		0CFF46971DE383A300A3BE8E /* SpotifyHelper.swift in Sources */ = {isa = PBXBuildFile; fileRef = 0CFF46961DE383A300A3BE8E /* SpotifyHelper.swift */; };
		FD9F763CA855EFBC8846FCDC /* Pods_Muse.framework in Frameworks */ = {isa = PBXBuildFile; fileRef = 6BDC604CADA41563E00527AC /* Pods_Muse.framework */; };
/* End PBXBuildFile section */

/* Begin PBXContainerItemProxy section */
		0CAD6FA11DE4B3CF00736B00 /* PBXContainerItemProxy */ = {
			isa = PBXContainerItemProxy;
			containerPortal = 0CAD6F971DE4B3CF00736B00 /* SwiftyJSON.xcodeproj */;
			proxyType = 2;
			remoteGlobalIDString = 2E4FEFDB19575BE100351305;
			remoteInfo = "SwiftyJSON iOS";
		};
		0CAD6FA31DE4B3CF00736B00 /* PBXContainerItemProxy */ = {
			isa = PBXContainerItemProxy;
			containerPortal = 0CAD6F971DE4B3CF00736B00 /* SwiftyJSON.xcodeproj */;
			proxyType = 2;
			remoteGlobalIDString = 2E4FEFE619575BE100351305;
			remoteInfo = "SwiftyJSON iOS Tests";
		};
		0CAD6FA51DE4B3CF00736B00 /* PBXContainerItemProxy */ = {
			isa = PBXContainerItemProxy;
			containerPortal = 0CAD6F971DE4B3CF00736B00 /* SwiftyJSON.xcodeproj */;
			proxyType = 2;
			remoteGlobalIDString = 9C7DFC5B1A9102BD005AA3F7;
			remoteInfo = "SwiftyJSON OSX";
		};
		0CAD6FA71DE4B3CF00736B00 /* PBXContainerItemProxy */ = {
			isa = PBXContainerItemProxy;
			containerPortal = 0CAD6F971DE4B3CF00736B00 /* SwiftyJSON.xcodeproj */;
			proxyType = 2;
			remoteGlobalIDString = 9C7DFC651A9102BD005AA3F7;
			remoteInfo = "SwiftyJSON OSX Tests";
		};
		0CAD6FA91DE4B3CF00736B00 /* PBXContainerItemProxy */ = {
			isa = PBXContainerItemProxy;
			containerPortal = 0CAD6F971DE4B3CF00736B00 /* SwiftyJSON.xcodeproj */;
			proxyType = 2;
			remoteGlobalIDString = E4D7CCE81B9465A700EE7221;
			remoteInfo = "SwiftyJSON watchOS";
		};
		0CAD6FAB1DE4B3CF00736B00 /* PBXContainerItemProxy */ = {
			isa = PBXContainerItemProxy;
			containerPortal = 0CAD6F971DE4B3CF00736B00 /* SwiftyJSON.xcodeproj */;
			proxyType = 2;
			remoteGlobalIDString = 7236B4F61BAC14150020529B;
			remoteInfo = "SwiftyJSON tvOS";
		};
		0CAD6FAD1DE4B3CF00736B00 /* PBXContainerItemProxy */ = {
			isa = PBXContainerItemProxy;
			containerPortal = 0CAD6F971DE4B3CF00736B00 /* SwiftyJSON.xcodeproj */;
			proxyType = 2;
			remoteGlobalIDString = A8580F741BCF5C5B00DA927B;
			remoteInfo = "SwiftyJSON tvOS Tests";
		};
		0CFF46781DE3826300A3BE8E /* PBXContainerItemProxy */ = {
			isa = PBXContainerItemProxy;
			containerPortal = 0CFF465E1DE3826300A3BE8E /* Project object */;
			proxyType = 1;
			remoteGlobalIDString = 0CFF46651DE3826300A3BE8E;
			remoteInfo = Muse;
		};
		0CFF46831DE3826300A3BE8E /* PBXContainerItemProxy */ = {
			isa = PBXContainerItemProxy;
			containerPortal = 0CFF465E1DE3826300A3BE8E /* Project object */;
			proxyType = 1;
			remoteGlobalIDString = 0CFF46651DE3826300A3BE8E;
			remoteInfo = Muse;
		};
/* End PBXContainerItemProxy section */

/* Begin PBXFileReference section */
		0C0980561E2830E500FF9FE0 /* NSTouch+Extensions.swift */ = {isa = PBXFileReference; fileEncoding = 4; lastKnownFileType = sourcecode.swift; path = "NSTouch+Extensions.swift"; sourceTree = "<group>"; };
		0C1F20EB1F2B21E50055ACAC /* NSCustomizableButton.swift */ = {isa = PBXFileReference; lastKnownFileType = sourcecode.swift; path = NSCustomizableButton.swift; sourceTree = "<group>"; };
		0C1F20F31F2B9F3C0055ACAC /* Preferences.swift */ = {isa = PBXFileReference; lastKnownFileType = sourcecode.swift; path = Preferences.swift; sourceTree = "<group>"; };
		0C21EBBF1E12F9C700E9268C /* NSWindow+Extensions.swift */ = {isa = PBXFileReference; fileEncoding = 4; lastKnownFileType = sourcecode.swift; path = "NSWindow+Extensions.swift"; sourceTree = "<group>"; };
		0C3382C91F14D866000D74F9 /* DFRPrivateHeader.h */ = {isa = PBXFileReference; lastKnownFileType = sourcecode.c.h; path = DFRPrivateHeader.h; sourceTree = "<group>"; };
		0C3382CD1F14F372000D74F9 /* DFRFoundation.framework */ = {isa = PBXFileReference; lastKnownFileType = wrapper.framework; name = DFRFoundation.framework; path = ../../../../System/Library/PrivateFrameworks/DFRFoundation.framework; sourceTree = "<group>"; };
		0C3750D01EFC29C700EE19AE /* Slider.swift */ = {isa = PBXFileReference; lastKnownFileType = sourcecode.swift; path = Slider.swift; sourceTree = "<group>"; };
		0C3EEA491F8A1D8300056FA7 /* KeyCombination.swift */ = {isa = PBXFileReference; lastKnownFileType = sourcecode.swift; path = KeyCombination.swift; sourceTree = "<group>"; };
		0C3FFF481F9CD5B1006B7A5C /* KeySensitiveTableView.swift */ = {isa = PBXFileReference; lastKnownFileType = sourcecode.swift; path = KeySensitiveTableView.swift; sourceTree = "<group>"; };
		0C474DB21F839BEB0067BC8C /* PlayerEvent.swift */ = {isa = PBXFileReference; lastKnownFileType = sourcecode.swift; path = PlayerEvent.swift; sourceTree = "<group>"; };
		0C474DB41F839C720067BC8C /* PlayerNotification.swift */ = {isa = PBXFileReference; lastKnownFileType = sourcecode.swift; path = PlayerNotification.swift; sourceTree = "<group>"; };
		0C48DA411E181C0B0059BA69 /* PlayersManager.swift */ = {isa = PBXFileReference; fileEncoding = 4; lastKnownFileType = sourcecode.swift; path = PlayersManager.swift; sourceTree = "<group>"; };
		0C4943471DF8753500AE622E /* PlayerStates.h */ = {isa = PBXFileReference; lastKnownFileType = sourcecode.c.h; path = PlayerStates.h; sourceTree = "<group>"; };
		0C4AF0481F9A305000240EAB /* SearchController.swift */ = {isa = PBXFileReference; lastKnownFileType = sourcecode.swift; path = SearchController.swift; sourceTree = "<group>"; };
		0C55B89C1F3F87C7002B4CF0 /* NSView+Extensions.swift */ = {isa = PBXFileReference; lastKnownFileType = sourcecode.swift; path = "NSView+Extensions.swift"; sourceTree = "<group>"; };
		0C56FED91F4AB5E200A247CB /* Imageable+Tint.swift */ = {isa = PBXFileReference; lastKnownFileType = sourcecode.swift; path = "Imageable+Tint.swift"; sourceTree = "<group>"; };
		0C5B6CC61F1E4D6D007DDC0F /* TouchBarMaker.swift */ = {isa = PBXFileReference; lastKnownFileType = sourcecode.swift; path = TouchBarMaker.swift; sourceTree = "<group>"; };
		0C5E94F71E214A02000E0013 /* Double+Extensions.swift */ = {isa = PBXFileReference; fileEncoding = 4; lastKnownFileType = sourcecode.swift; path = "Double+Extensions.swift"; sourceTree = "<group>"; };
		0C676BD41DF443AD00B75164 /* AVFoundation.framework */ = {isa = PBXFileReference; lastKnownFileType = wrapper.framework; name = AVFoundation.framework; path = System/Library/Frameworks/AVFoundation.framework; sourceTree = SDKROOT; };
		0C676BD61DF443C900B75164 /* AVKit.framework */ = {isa = PBXFileReference; lastKnownFileType = wrapper.framework; name = AVKit.framework; path = System/Library/Frameworks/AVKit.framework; sourceTree = SDKROOT; };
		0C676BD81DF4834100B75164 /* WindowController+RemoteCommandCenter.swift */ = {isa = PBXFileReference; fileEncoding = 4; lastKnownFileType = sourcecode.swift; path = "WindowController+RemoteCommandCenter.swift"; sourceTree = "<group>"; };
		0C6C10B21F9B60B400C20061 /* ResultsTableCellView.swift */ = {isa = PBXFileReference; lastKnownFileType = sourcecode.swift; path = ResultsTableCellView.swift; sourceTree = "<group>"; };
		0C6C10B41F9B8FDF00C20061 /* CustomHighlightTableRowView.swift */ = {isa = PBXFileReference; lastKnownFileType = sourcecode.swift; path = CustomHighlightTableRowView.swift; sourceTree = "<group>"; };
		0C8162B71F29021300529F5E /* NSMediaSliderTouchBarItem.swift */ = {isa = PBXFileReference; lastKnownFileType = sourcecode.swift; path = NSMediaSliderTouchBarItem.swift; sourceTree = "<group>"; };
		0C8B16781F82A31C0009BE7B /* NSBezierPath+CGPath.swift */ = {isa = PBXFileReference; lastKnownFileType = sourcecode.swift; path = "NSBezierPath+CGPath.swift"; sourceTree = "<group>"; };
		0C8E3BC01E3CC43900C8EBD1 /* iTunesHelper.swift */ = {isa = PBXFileReference; fileEncoding = 4; lastKnownFileType = sourcecode.swift; path = iTunesHelper.swift; sourceTree = "<group>"; };
		0C9A60BD1DE6071F0051CDC6 /* Song.swift */ = {isa = PBXFileReference; fileEncoding = 4; lastKnownFileType = sourcecode.swift; path = Song.swift; sourceTree = "<group>"; };
		0C9A60C61DE75DCC0051CDC6 /* Imageable+Download.swift */ = {isa = PBXFileReference; fileEncoding = 4; lastKnownFileType = sourcecode.swift; path = "Imageable+Download.swift"; sourceTree = "<group>"; };
		0C9A60C81DE76EBB0051CDC6 /* QuartzCore.framework */ = {isa = PBXFileReference; lastKnownFileType = wrapper.framework; name = QuartzCore.framework; path = System/Library/Frameworks/QuartzCore.framework; sourceTree = SDKROOT; };
		0C9A60CA1DE76F990051CDC6 /* Quartz.framework */ = {isa = PBXFileReference; lastKnownFileType = wrapper.framework; name = Quartz.framework; path = System/Library/Frameworks/Quartz.framework; sourceTree = SDKROOT; };
		0C9A60CE1DE79B1B0051CDC6 /* Muse-Bridging-Header.h */ = {isa = PBXFileReference; lastKnownFileType = sourcecode.c.h; path = "Muse-Bridging-Header.h"; sourceTree = "<group>"; };
		0C9A60D81DE79B6D0051CDC6 /* Carbon.framework */ = {isa = PBXFileReference; lastKnownFileType = wrapper.framework; name = Carbon.framework; path = System/Library/Frameworks/Carbon.framework; sourceTree = SDKROOT; };
		0C9B62261E1C357100660633 /* NSImageColors.swift */ = {isa = PBXFileReference; fileEncoding = 4; lastKnownFileType = sourcecode.swift; path = NSImageColors.swift; sourceTree = "<group>"; };
		0C9B622B1E1D696400660633 /* Animations.swift */ = {isa = PBXFileReference; fileEncoding = 4; lastKnownFileType = sourcecode.swift; path = Animations.swift; sourceTree = "<group>"; };
		0C9B62321E1EAE9100660633 /* ButtonCell.swift */ = {isa = PBXFileReference; fileEncoding = 4; lastKnownFileType = sourcecode.swift; path = ButtonCell.swift; sourceTree = "<group>"; };
		0CA45AC21F17D0DB00B2DD21 /* DFRPrivateHeader.m */ = {isa = PBXFileReference; lastKnownFileType = sourcecode.c.objc; path = DFRPrivateHeader.m; sourceTree = "<group>"; };
		0CA5FA611ED1DC9500248A91 /* dsa_pub.pem */ = {isa = PBXFileReference; fileEncoding = 4; lastKnownFileType = text; path = dsa_pub.pem; sourceTree = "<group>"; };
		0CAB4ED121064F8600CC118A /* iTunesLibrary.framework */ = {isa = PBXFileReference; lastKnownFileType = wrapper.framework; name = iTunesLibrary.framework; path = ../../../../../Library/Frameworks/iTunesLibrary.framework; sourceTree = "<group>"; };
		0CAD6F971DE4B3CF00736B00 /* SwiftyJSON.xcodeproj */ = {isa = PBXFileReference; lastKnownFileType = "wrapper.pb-project"; name = SwiftyJSON.xcodeproj; path = SwiftyJSON/SwiftyJSON.xcodeproj; sourceTree = "<group>"; };
		0CB0E0501DEE04AD00B4DF17 /* PlayerHelper.swift */ = {isa = PBXFileReference; fileEncoding = 4; lastKnownFileType = sourcecode.swift; path = PlayerHelper.swift; sourceTree = "<group>"; };
		0CC8466A1DF728AE00941787 /* MPRemoteCommand+Extensions.swift */ = {isa = PBXFileReference; fileEncoding = 4; lastKnownFileType = sourcecode.swift; path = "MPRemoteCommand+Extensions.swift"; sourceTree = "<group>"; };
		0CCD27601DF01F440039ACDC /* DDHotKeyCenter.h */ = {isa = PBXFileReference; fileEncoding = 4; lastKnownFileType = sourcecode.c.h; path = DDHotKeyCenter.h; sourceTree = "<group>"; };
		0CCD27611DF01F440039ACDC /* DDHotKeyCenter.m */ = {isa = PBXFileReference; fileEncoding = 4; lastKnownFileType = sourcecode.c.objc; path = DDHotKeyCenter.m; sourceTree = "<group>"; };
		0CCD27621DF01F440039ACDC /* DDHotKeyTextField.h */ = {isa = PBXFileReference; fileEncoding = 4; lastKnownFileType = sourcecode.c.h; path = DDHotKeyTextField.h; sourceTree = "<group>"; };
		0CCD27631DF01F440039ACDC /* DDHotKeyTextField.m */ = {isa = PBXFileReference; fileEncoding = 4; lastKnownFileType = sourcecode.c.objc; path = DDHotKeyTextField.m; sourceTree = "<group>"; };
		0CCD27641DF01F440039ACDC /* DDHotKeyUtilities.h */ = {isa = PBXFileReference; fileEncoding = 4; lastKnownFileType = sourcecode.c.h; path = DDHotKeyUtilities.h; sourceTree = "<group>"; };
		0CCD27651DF01F440039ACDC /* DDHotKeyUtilities.m */ = {isa = PBXFileReference; fileEncoding = 4; lastKnownFileType = sourcecode.c.objc; path = DDHotKeyUtilities.m; sourceTree = "<group>"; };
		0CD2870D1E106D4600EF0E73 /* NSImage+Extensions.swift */ = {isa = PBXFileReference; fileEncoding = 4; lastKnownFileType = sourcecode.swift; path = "NSImage+Extensions.swift"; sourceTree = "<group>"; };
		0CDD1ADA1DF04B560027661A /* SliderCell.swift */ = {isa = PBXFileReference; fileEncoding = 4; lastKnownFileType = sourcecode.swift; path = SliderCell.swift; sourceTree = "<group>"; };
		0CEAEB381E14583500BD68D5 /* String+Extensions.swift */ = {isa = PBXFileReference; fileEncoding = 4; lastKnownFileType = sourcecode.swift; path = "String+Extensions.swift"; sourceTree = "<group>"; };
		0CEAEB3C1E15A34400BD68D5 /* VoxHelper.swift */ = {isa = PBXFileReference; fileEncoding = 4; lastKnownFileType = sourcecode.swift; path = VoxHelper.swift; sourceTree = "<group>"; };
		0CEAEB3E1E16624800BD68D5 /* DispatchQueue+Extensions.swift */ = {isa = PBXFileReference; fileEncoding = 4; lastKnownFileType = sourcecode.swift; path = "DispatchQueue+Extensions.swift"; sourceTree = "<group>"; };
		0CF8B7E31DF9772900CDD130 /* NSHoverableView.swift */ = {isa = PBXFileReference; fileEncoding = 4; lastKnownFileType = sourcecode.swift; path = NSHoverableView.swift; sourceTree = "<group>"; };
		0CFA0FDC1DF37059007DA6AE /* MediaPlayer.framework */ = {isa = PBXFileReference; lastKnownFileType = wrapper.framework; name = MediaPlayer.framework; path = System/Library/Frameworks/MediaPlayer.framework; sourceTree = SDKROOT; };
		0CFF46661DE3826300A3BE8E /* Muse.app */ = {isa = PBXFileReference; explicitFileType = wrapper.application; includeInIndex = 0; path = Muse.app; sourceTree = BUILT_PRODUCTS_DIR; };
		0CFF46691DE3826300A3BE8E /* AppDelegate.swift */ = {isa = PBXFileReference; lastKnownFileType = sourcecode.swift; path = AppDelegate.swift; sourceTree = "<group>"; };
		0CFF466B1DE3826300A3BE8E /* ViewController.swift */ = {isa = PBXFileReference; lastKnownFileType = sourcecode.swift; path = ViewController.swift; sourceTree = "<group>"; };
		0CFF466D1DE3826300A3BE8E /* Assets.xcassets */ = {isa = PBXFileReference; lastKnownFileType = folder.assetcatalog; path = Assets.xcassets; sourceTree = "<group>"; };
		0CFF46701DE3826300A3BE8E /* Base */ = {isa = PBXFileReference; lastKnownFileType = file.storyboard; name = Base; path = Base.lproj/Main.storyboard; sourceTree = "<group>"; };
		0CFF46721DE3826300A3BE8E /* Info.plist */ = {isa = PBXFileReference; lastKnownFileType = text.plist.xml; path = Info.plist; sourceTree = "<group>"; };
		0CFF46771DE3826300A3BE8E /* MuseTests.xctest */ = {isa = PBXFileReference; explicitFileType = wrapper.cfbundle; includeInIndex = 0; path = MuseTests.xctest; sourceTree = BUILT_PRODUCTS_DIR; };
		0CFF467B1DE3826300A3BE8E /* MuseTests.swift */ = {isa = PBXFileReference; lastKnownFileType = sourcecode.swift; path = MuseTests.swift; sourceTree = "<group>"; };
		0CFF467D1DE3826300A3BE8E /* Info.plist */ = {isa = PBXFileReference; lastKnownFileType = text.plist.xml; path = Info.plist; sourceTree = "<group>"; };
		0CFF46821DE3826300A3BE8E /* MuseUITests.xctest */ = {isa = PBXFileReference; explicitFileType = wrapper.cfbundle; includeInIndex = 0; path = MuseUITests.xctest; sourceTree = BUILT_PRODUCTS_DIR; };
		0CFF46861DE3826300A3BE8E /* MuseUITests.swift */ = {isa = PBXFileReference; lastKnownFileType = sourcecode.swift; path = MuseUITests.swift; sourceTree = "<group>"; };
		0CFF46881DE3826300A3BE8E /* Info.plist */ = {isa = PBXFileReference; lastKnownFileType = text.plist.xml; path = Info.plist; sourceTree = "<group>"; };
		0CFF46941DE382BA00A3BE8E /* WindowController.swift */ = {isa = PBXFileReference; fileEncoding = 4; lastKnownFileType = sourcecode.swift; path = WindowController.swift; sourceTree = "<group>"; };
		0CFF46961DE383A300A3BE8E /* SpotifyHelper.swift */ = {isa = PBXFileReference; fileEncoding = 4; lastKnownFileType = sourcecode.swift; path = SpotifyHelper.swift; sourceTree = "<group>"; };
		1E0C322245B2C90A7AFF4109 /* Pods-Muse.release.xcconfig */ = {isa = PBXFileReference; includeInIndex = 1; lastKnownFileType = text.xcconfig; name = "Pods-Muse.release.xcconfig"; path = "Pods/Target Support Files/Pods-Muse/Pods-Muse.release.xcconfig"; sourceTree = "<group>"; };
		6BDC604CADA41563E00527AC /* Pods_Muse.framework */ = {isa = PBXFileReference; explicitFileType = wrapper.framework; includeInIndex = 0; path = Pods_Muse.framework; sourceTree = BUILT_PRODUCTS_DIR; };
		A357F95C2564CE8DFC96DBCC /* Pods-Muse.debug.xcconfig */ = {isa = PBXFileReference; includeInIndex = 1; lastKnownFileType = text.xcconfig; name = "Pods-Muse.debug.xcconfig"; path = "Pods/Target Support Files/Pods-Muse/Pods-Muse.debug.xcconfig"; sourceTree = "<group>"; };
/* End PBXFileReference section */

/* Begin PBXFrameworksBuildPhase section */
		0CFF46631DE3826300A3BE8E /* Frameworks */ = {
			isa = PBXFrameworksBuildPhase;
			buildActionMask = 2147483647;
			files = (
				0CAB4ED221064F8600CC118A /* iTunesLibrary.framework in Frameworks */,
				0C1B1F5F1F17C065009D4588 /* DFRFoundation.framework in Frameworks */,
				0CFA0FDD1DF37059007DA6AE /* MediaPlayer.framework in Frameworks */,
				0C9A60D91DE79B6D0051CDC6 /* Carbon.framework in Frameworks */,
				FD9F763CA855EFBC8846FCDC /* Pods_Muse.framework in Frameworks */,
			);
			runOnlyForDeploymentPostprocessing = 0;
		};
		0CFF46741DE3826300A3BE8E /* Frameworks */ = {
			isa = PBXFrameworksBuildPhase;
			buildActionMask = 2147483647;
			files = (
			);
			runOnlyForDeploymentPostprocessing = 0;
		};
		0CFF467F1DE3826300A3BE8E /* Frameworks */ = {
			isa = PBXFrameworksBuildPhase;
			buildActionMask = 2147483647;
			files = (
			);
			runOnlyForDeploymentPostprocessing = 0;
		};
/* End PBXFrameworksBuildPhase section */

/* Begin PBXGroup section */
		0C9A60CD1DE79AE50051CDC6 /* DDHotKey */ = {
			isa = PBXGroup;
			children = (
				0CCD27601DF01F440039ACDC /* DDHotKeyCenter.h */,
				0CCD27611DF01F440039ACDC /* DDHotKeyCenter.m */,
				0CCD27621DF01F440039ACDC /* DDHotKeyTextField.h */,
				0CCD27631DF01F440039ACDC /* DDHotKeyTextField.m */,
				0CCD27641DF01F440039ACDC /* DDHotKeyUtilities.h */,
				0CCD27651DF01F440039ACDC /* DDHotKeyUtilities.m */,
			);
			name = DDHotKey;
			path = Muse/Libraries/DDHotKey;
			sourceTree = SOURCE_ROOT;
		};
		0CAD6F981DE4B3CF00736B00 /* Products */ = {
			isa = PBXGroup;
			children = (
				0CAD6FA21DE4B3CF00736B00 /* SwiftyJSON.framework */,
				0CAD6FA41DE4B3CF00736B00 /* SwiftyJSON iOS Tests.xctest */,
				0CAD6FA61DE4B3CF00736B00 /* SwiftyJSON.framework */,
				0CAD6FA81DE4B3CF00736B00 /* SwiftyJSON OSX Tests.xctest */,
				0CAD6FAA1DE4B3CF00736B00 /* SwiftyJSON.framework */,
				0CAD6FAC1DE4B3CF00736B00 /* SwiftyJSON.framework */,
				0CAD6FAE1DE4B3CF00736B00 /* SwiftyJSON tvOS Tests.xctest */,
			);
			name = Products;
			sourceTree = "<group>";
		};
		0CFA8E231F7AE9F300D1AE83 /* Sources */ = {
			isa = PBXGroup;
			children = (
				0CFA8E261F7AEAA700D1AE83 /* Controllers */,
				0CFA8E271F7AEACA00D1AE83 /* Interface */,
				0CFA8E251F7AEA5B00D1AE83 /* Extensions */,
				0CFA8E281F7AEAE800D1AE83 /* Models */,
				0CFA8E2A1F7AEB8100D1AE83 /* Views */,
			);
			path = Sources;
			sourceTree = "<group>";
		};
		0CFA8E251F7AEA5B00D1AE83 /* Extensions */ = {
			isa = PBXGroup;
			children = (
				0CEAEB3E1E16624800BD68D5 /* DispatchQueue+Extensions.swift */,
				0CEAEB381E14583500BD68D5 /* String+Extensions.swift */,
				0C8B16781F82A31C0009BE7B /* NSBezierPath+CGPath.swift */,
				0C55B89C1F3F87C7002B4CF0 /* NSView+Extensions.swift */,
				0C56FED91F4AB5E200A247CB /* Imageable+Tint.swift */,
				0C9A60C61DE75DCC0051CDC6 /* Imageable+Download.swift */,
				0C5E94F71E214A02000E0013 /* Double+Extensions.swift */,
				0C0980561E2830E500FF9FE0 /* NSTouch+Extensions.swift */,
				0C21EBBF1E12F9C700E9268C /* NSWindow+Extensions.swift */,
				0CD2870D1E106D4600EF0E73 /* NSImage+Extensions.swift */,
				0CC8466A1DF728AE00941787 /* MPRemoteCommand+Extensions.swift */,
				0C9B622B1E1D696400660633 /* Animations.swift */,
			);
			path = Extensions;
			sourceTree = "<group>";
		};
		0CFA8E261F7AEAA700D1AE83 /* Controllers */ = {
			isa = PBXGroup;
			children = (
				0CFF46691DE3826300A3BE8E /* AppDelegate.swift */,
				0CEAEB3C1E15A34400BD68D5 /* VoxHelper.swift */,
				0CFF46961DE383A300A3BE8E /* SpotifyHelper.swift */,
				0C8E3BC01E3CC43900C8EBD1 /* iTunesHelper.swift */,
				0CB0E0501DEE04AD00B4DF17 /* PlayerHelper.swift */,
				0C48DA411E181C0B0059BA69 /* PlayersManager.swift */,
			);
			path = Controllers;
			sourceTree = "<group>";
		};
		0CFA8E271F7AEACA00D1AE83 /* Interface */ = {
			isa = PBXGroup;
			children = (
				0C8162B71F29021300529F5E /* NSMediaSliderTouchBarItem.swift */,
				0C9B62321E1EAE9100660633 /* ButtonCell.swift */,
				0C6C10B21F9B60B400C20061 /* ResultsTableCellView.swift */,
				0C3FFF481F9CD5B1006B7A5C /* KeySensitiveTableView.swift */,
				0C6C10B41F9B8FDF00C20061 /* CustomHighlightTableRowView.swift */,
				0C3750D01EFC29C700EE19AE /* Slider.swift */,
				0CF8B7E31DF9772900CDD130 /* NSHoverableView.swift */,
				0C1F20EB1F2B21E50055ACAC /* NSCustomizableButton.swift */,
				0CDD1ADA1DF04B560027661A /* SliderCell.swift */,
			);
			path = Interface;
			sourceTree = "<group>";
		};
		0CFA8E281F7AEAE800D1AE83 /* Models */ = {
			isa = PBXGroup;
			children = (
				0C3EEA491F8A1D8300056FA7 /* KeyCombination.swift */,
				0C1F20F31F2B9F3C0055ACAC /* Preferences.swift */,
				0C9A60BD1DE6071F0051CDC6 /* Song.swift */,
				0C474DB21F839BEB0067BC8C /* PlayerEvent.swift */,
				0C474DB41F839C720067BC8C /* PlayerNotification.swift */,
				0C4943471DF8753500AE622E /* PlayerStates.h */,
			);
			path = Models;
			sourceTree = "<group>";
		};
		0CFA8E291F7AEB2D00D1AE83 /* Libraries */ = {
			isa = PBXGroup;
			children = (
				0CFA8E2B1F7AEBF900D1AE83 /* DFRPrivate */,
				0C9A60CD1DE79AE50051CDC6 /* DDHotKey */,
				0C9B62261E1C357100660633 /* NSImageColors.swift */,
			);
			path = Libraries;
			sourceTree = "<group>";
		};
		0CFA8E2A1F7AEB8100D1AE83 /* Views */ = {
			isa = PBXGroup;
			children = (
				0C5B6CC61F1E4D6D007DDC0F /* TouchBarMaker.swift */,
				0CFF466B1DE3826300A3BE8E /* ViewController.swift */,
				0C4AF0481F9A305000240EAB /* SearchController.swift */,
				0CFF46941DE382BA00A3BE8E /* WindowController.swift */,
				0C676BD81DF4834100B75164 /* WindowController+RemoteCommandCenter.swift */,
			);
			path = Views;
			sourceTree = "<group>";
		};
		0CFA8E2B1F7AEBF900D1AE83 /* DFRPrivate */ = {
			isa = PBXGroup;
			children = (
				0C3382C91F14D866000D74F9 /* DFRPrivateHeader.h */,
				0CA45AC21F17D0DB00B2DD21 /* DFRPrivateHeader.m */,
			);
			path = DFRPrivate;
			sourceTree = "<group>";
		};
		0CFA8E2C1F7AECA200D1AE83 /* Resources */ = {
			isa = PBXGroup;
			children = (
				0CFF466D1DE3826300A3BE8E /* Assets.xcassets */,
				0CFF466F1DE3826300A3BE8E /* Main.storyboard */,
				0CA5FA611ED1DC9500248A91 /* dsa_pub.pem */,
				0C9A60CE1DE79B1B0051CDC6 /* Muse-Bridging-Header.h */,
				0CFF46721DE3826300A3BE8E /* Info.plist */,
			);
			path = Resources;
			sourceTree = "<group>";
		};
		0CFF465D1DE3826300A3BE8E = {
			isa = PBXGroup;
			children = (
				0CFF46681DE3826300A3BE8E /* Muse */,
				0CFF467A1DE3826300A3BE8E /* MuseTests */,
				0CFF46851DE3826300A3BE8E /* MuseUITests */,
				0CFF46671DE3826300A3BE8E /* Products */,
				7E9AA20CAC9772D1BED5DCE5 /* Frameworks */,
				13E90AB099C71FADF4FD0063 /* Pods */,
			);
			sourceTree = "<group>";
		};
		0CFF46671DE3826300A3BE8E /* Products */ = {
			isa = PBXGroup;
			children = (
				0CFF46661DE3826300A3BE8E /* Muse.app */,
				0CFF46771DE3826300A3BE8E /* MuseTests.xctest */,
				0CFF46821DE3826300A3BE8E /* MuseUITests.xctest */,
			);
			name = Products;
			sourceTree = "<group>";
		};
		0CFF46681DE3826300A3BE8E /* Muse */ = {
			isa = PBXGroup;
			children = (
				0CFA8E291F7AEB2D00D1AE83 /* Libraries */,
				0CFA8E231F7AE9F300D1AE83 /* Sources */,
				0CFA8E2C1F7AECA200D1AE83 /* Resources */,
			);
			path = Muse;
			sourceTree = "<group>";
		};
		0CFF467A1DE3826300A3BE8E /* MuseTests */ = {
			isa = PBXGroup;
			children = (
				0CFF467B1DE3826300A3BE8E /* MuseTests.swift */,
				0CFF467D1DE3826300A3BE8E /* Info.plist */,
			);
			path = MuseTests;
			sourceTree = "<group>";
		};
		0CFF46851DE3826300A3BE8E /* MuseUITests */ = {
			isa = PBXGroup;
			children = (
				0CFF46861DE3826300A3BE8E /* MuseUITests.swift */,
				0CFF46881DE3826300A3BE8E /* Info.plist */,
			);
			path = MuseUITests;
			sourceTree = "<group>";
		};
		13E90AB099C71FADF4FD0063 /* Pods */ = {
			isa = PBXGroup;
			children = (
				A357F95C2564CE8DFC96DBCC /* Pods-Muse.debug.xcconfig */,
				1E0C322245B2C90A7AFF4109 /* Pods-Muse.release.xcconfig */,
			);
			name = Pods;
			sourceTree = "<group>";
		};
		7E9AA20CAC9772D1BED5DCE5 /* Frameworks */ = {
			isa = PBXGroup;
			children = (
				0CAB4ED121064F8600CC118A /* iTunesLibrary.framework */,
				0C3382CD1F14F372000D74F9 /* DFRFoundation.framework */,
				0C676BD61DF443C900B75164 /* AVKit.framework */,
				0C676BD41DF443AD00B75164 /* AVFoundation.framework */,
				0CFA0FDC1DF37059007DA6AE /* MediaPlayer.framework */,
				0C9A60D81DE79B6D0051CDC6 /* Carbon.framework */,
				0C9A60CA1DE76F990051CDC6 /* Quartz.framework */,
				0C9A60C81DE76EBB0051CDC6 /* QuartzCore.framework */,
				0CAD6F971DE4B3CF00736B00 /* SwiftyJSON.xcodeproj */,
				6BDC604CADA41563E00527AC /* Pods_Muse.framework */,
			);
			name = Frameworks;
			sourceTree = "<group>";
		};
/* End PBXGroup section */

/* Begin PBXNativeTarget section */
		0CFF46651DE3826300A3BE8E /* Muse */ = {
			isa = PBXNativeTarget;
			buildConfigurationList = 0CFF468B1DE3826300A3BE8E /* Build configuration list for PBXNativeTarget "Muse" */;
			buildPhases = (
				7EA399383C680EA91AECE5D3 /* [CP] Check Pods Manifest.lock */,
				0CFF46621DE3826300A3BE8E /* Sources */,
				0CFF46631DE3826300A3BE8E /* Frameworks */,
				0CFF46641DE3826300A3BE8E /* Resources */,
				1A4CC0C78FE35E1A8380752A /* [CP] Embed Pods Frameworks */,
				F4864ADC8C3C6DC2FFECCE72 /* [CP] Copy Pods Resources */,
			);
			buildRules = (
			);
			dependencies = (
			);
			name = Muse;
			productName = Muse;
			productReference = 0CFF46661DE3826300A3BE8E /* Muse.app */;
			productType = "com.apple.product-type.application";
		};
		0CFF46761DE3826300A3BE8E /* MuseTests */ = {
			isa = PBXNativeTarget;
			buildConfigurationList = 0CFF468E1DE3826300A3BE8E /* Build configuration list for PBXNativeTarget "MuseTests" */;
			buildPhases = (
				0CFF46731DE3826300A3BE8E /* Sources */,
				0CFF46741DE3826300A3BE8E /* Frameworks */,
				0CFF46751DE3826300A3BE8E /* Resources */,
			);
			buildRules = (
			);
			dependencies = (
				0CFF46791DE3826300A3BE8E /* PBXTargetDependency */,
			);
			name = MuseTests;
			productName = MuseTests;
			productReference = 0CFF46771DE3826300A3BE8E /* MuseTests.xctest */;
			productType = "com.apple.product-type.bundle.unit-test";
		};
		0CFF46811DE3826300A3BE8E /* MuseUITests */ = {
			isa = PBXNativeTarget;
			buildConfigurationList = 0CFF46911DE3826300A3BE8E /* Build configuration list for PBXNativeTarget "MuseUITests" */;
			buildPhases = (
				0CFF467E1DE3826300A3BE8E /* Sources */,
				0CFF467F1DE3826300A3BE8E /* Frameworks */,
				0CFF46801DE3826300A3BE8E /* Resources */,
			);
			buildRules = (
			);
			dependencies = (
				0CFF46841DE3826300A3BE8E /* PBXTargetDependency */,
			);
			name = MuseUITests;
			productName = MuseUITests;
			productReference = 0CFF46821DE3826300A3BE8E /* MuseUITests.xctest */;
			productType = "com.apple.product-type.bundle.ui-testing";
		};
/* End PBXNativeTarget section */

/* Begin PBXProject section */
		0CFF465E1DE3826300A3BE8E /* Project object */ = {
			isa = PBXProject;
			attributes = {
				LastSwiftUpdateCheck = 0810;
				LastUpgradeCheck = 0820;
				ORGANIZATIONNAME = "Edge Apps";
				TargetAttributes = {
					0CFF46651DE3826300A3BE8E = {
						CreatedOnToolsVersion = 8.1;
						DevelopmentTeam = 95ZS5S2W7X;
						LastSwiftMigration = 0810;
						ProvisioningStyle = Automatic;
					};
					0CFF46761DE3826300A3BE8E = {
						CreatedOnToolsVersion = 8.1;
						LastSwiftMigration = 0810;
						ProvisioningStyle = Automatic;
						TestTargetID = 0CFF46651DE3826300A3BE8E;
					};
					0CFF46811DE3826300A3BE8E = {
						CreatedOnToolsVersion = 8.1;
						LastSwiftMigration = 0810;
						ProvisioningStyle = Automatic;
						TestTargetID = 0CFF46651DE3826300A3BE8E;
					};
				};
			};
			buildConfigurationList = 0CFF46611DE3826300A3BE8E /* Build configuration list for PBXProject "Muse" */;
			compatibilityVersion = "Xcode 3.2";
			developmentRegion = English;
			hasScannedForEncodings = 0;
			knownRegions = (
				en,
				Base,
			);
			mainGroup = 0CFF465D1DE3826300A3BE8E;
			productRefGroup = 0CFF46671DE3826300A3BE8E /* Products */;
			projectDirPath = "";
			projectReferences = (
				{
					ProductGroup = 0CAD6F981DE4B3CF00736B00 /* Products */;
					ProjectRef = 0CAD6F971DE4B3CF00736B00 /* SwiftyJSON.xcodeproj */;
				},
			);
			projectRoot = "";
			targets = (
				0CFF46651DE3826300A3BE8E /* Muse */,
				0CFF46761DE3826300A3BE8E /* MuseTests */,
				0CFF46811DE3826300A3BE8E /* MuseUITests */,
			);
		};
/* End PBXProject section */

/* Begin PBXReferenceProxy section */
		0CAD6FA21DE4B3CF00736B00 /* SwiftyJSON.framework */ = {
			isa = PBXReferenceProxy;
			fileType = wrapper.framework;
			path = SwiftyJSON.framework;
			remoteRef = 0CAD6FA11DE4B3CF00736B00 /* PBXContainerItemProxy */;
			sourceTree = BUILT_PRODUCTS_DIR;
		};
		0CAD6FA41DE4B3CF00736B00 /* SwiftyJSON iOS Tests.xctest */ = {
			isa = PBXReferenceProxy;
			fileType = wrapper.cfbundle;
			path = "SwiftyJSON iOS Tests.xctest";
			remoteRef = 0CAD6FA31DE4B3CF00736B00 /* PBXContainerItemProxy */;
			sourceTree = BUILT_PRODUCTS_DIR;
		};
		0CAD6FA61DE4B3CF00736B00 /* SwiftyJSON.framework */ = {
			isa = PBXReferenceProxy;
			fileType = wrapper.framework;
			path = SwiftyJSON.framework;
			remoteRef = 0CAD6FA51DE4B3CF00736B00 /* PBXContainerItemProxy */;
			sourceTree = BUILT_PRODUCTS_DIR;
		};
		0CAD6FA81DE4B3CF00736B00 /* SwiftyJSON OSX Tests.xctest */ = {
			isa = PBXReferenceProxy;
			fileType = wrapper.cfbundle;
			path = "SwiftyJSON OSX Tests.xctest";
			remoteRef = 0CAD6FA71DE4B3CF00736B00 /* PBXContainerItemProxy */;
			sourceTree = BUILT_PRODUCTS_DIR;
		};
		0CAD6FAA1DE4B3CF00736B00 /* SwiftyJSON.framework */ = {
			isa = PBXReferenceProxy;
			fileType = wrapper.framework;
			path = SwiftyJSON.framework;
			remoteRef = 0CAD6FA91DE4B3CF00736B00 /* PBXContainerItemProxy */;
			sourceTree = BUILT_PRODUCTS_DIR;
		};
		0CAD6FAC1DE4B3CF00736B00 /* SwiftyJSON.framework */ = {
			isa = PBXReferenceProxy;
			fileType = wrapper.framework;
			path = SwiftyJSON.framework;
			remoteRef = 0CAD6FAB1DE4B3CF00736B00 /* PBXContainerItemProxy */;
			sourceTree = BUILT_PRODUCTS_DIR;
		};
		0CAD6FAE1DE4B3CF00736B00 /* SwiftyJSON tvOS Tests.xctest */ = {
			isa = PBXReferenceProxy;
			fileType = wrapper.cfbundle;
			path = "SwiftyJSON tvOS Tests.xctest";
			remoteRef = 0CAD6FAD1DE4B3CF00736B00 /* PBXContainerItemProxy */;
			sourceTree = BUILT_PRODUCTS_DIR;
		};
/* End PBXReferenceProxy section */

/* Begin PBXResourcesBuildPhase section */
		0CFF46641DE3826300A3BE8E /* Resources */ = {
			isa = PBXResourcesBuildPhase;
			buildActionMask = 2147483647;
			files = (
				0CA5FA621ED1DC9500248A91 /* dsa_pub.pem in Resources */,
				0CFF466E1DE3826300A3BE8E /* Assets.xcassets in Resources */,
				0CFF46711DE3826300A3BE8E /* Main.storyboard in Resources */,
			);
			runOnlyForDeploymentPostprocessing = 0;
		};
		0CFF46751DE3826300A3BE8E /* Resources */ = {
			isa = PBXResourcesBuildPhase;
			buildActionMask = 2147483647;
			files = (
			);
			runOnlyForDeploymentPostprocessing = 0;
		};
		0CFF46801DE3826300A3BE8E /* Resources */ = {
			isa = PBXResourcesBuildPhase;
			buildActionMask = 2147483647;
			files = (
			);
			runOnlyForDeploymentPostprocessing = 0;
		};
/* End PBXResourcesBuildPhase section */

/* Begin PBXShellScriptBuildPhase section */
		1A4CC0C78FE35E1A8380752A /* [CP] Embed Pods Frameworks */ = {
			isa = PBXShellScriptBuildPhase;
			buildActionMask = 2147483647;
			files = (
			);
			inputPaths = (
				"${SRCROOT}/Pods/Target Support Files/Pods-Muse/Pods-Muse-frameworks.sh",
				"${PODS_ROOT}/Sparkle/Sparkle.framework",
				"${PODS_ROOT}/Sparkle/Sparkle.framework.dSYM",
				"${BUILT_PRODUCTS_DIR}/SpotifyKit/SpotifyKit.framework",
			);
			name = "[CP] Embed Pods Frameworks";
			outputPaths = (
				"${TARGET_BUILD_DIR}/${FRAMEWORKS_FOLDER_PATH}/Sparkle.framework",
				"${DWARF_DSYM_FOLDER_PATH}/Sparkle.framework.dSYM",
				"${TARGET_BUILD_DIR}/${FRAMEWORKS_FOLDER_PATH}/SpotifyKit.framework",
			);
			runOnlyForDeploymentPostprocessing = 0;
			shellPath = /bin/sh;
			shellScript = "\"${SRCROOT}/Pods/Target Support Files/Pods-Muse/Pods-Muse-frameworks.sh\"\n";
			showEnvVarsInLog = 0;
		};
		7EA399383C680EA91AECE5D3 /* [CP] Check Pods Manifest.lock */ = {
			isa = PBXShellScriptBuildPhase;
			buildActionMask = 2147483647;
			files = (
			);
			inputPaths = (
				"${PODS_PODFILE_DIR_PATH}/Podfile.lock",
				"${PODS_ROOT}/Manifest.lock",
			);
			name = "[CP] Check Pods Manifest.lock";
			outputPaths = (
				"$(DERIVED_FILE_DIR)/Pods-Muse-checkManifestLockResult.txt",
			);
			runOnlyForDeploymentPostprocessing = 0;
			shellPath = /bin/sh;
			shellScript = "diff \"${PODS_PODFILE_DIR_PATH}/Podfile.lock\" \"${PODS_ROOT}/Manifest.lock\" > /dev/null\nif [ $? != 0 ] ; then\n    # print error to STDERR\n    echo \"error: The sandbox is not in sync with the Podfile.lock. Run 'pod install' or update your CocoaPods installation.\" >&2\n    exit 1\nfi\n# This output is used by Xcode 'outputs' to avoid re-running this script phase.\necho \"SUCCESS\" > \"${SCRIPT_OUTPUT_FILE_0}\"\n";
			showEnvVarsInLog = 0;
		};
		F4864ADC8C3C6DC2FFECCE72 /* [CP] Copy Pods Resources */ = {
			isa = PBXShellScriptBuildPhase;
			buildActionMask = 2147483647;
			files = (
			);
			inputPaths = (
			);
			name = "[CP] Copy Pods Resources";
			outputPaths = (
			);
			runOnlyForDeploymentPostprocessing = 0;
			shellPath = /bin/sh;
			shellScript = "\"${SRCROOT}/Pods/Target Support Files/Pods-Muse/Pods-Muse-resources.sh\"\n";
			showEnvVarsInLog = 0;
		};
/* End PBXShellScriptBuildPhase section */

/* Begin PBXSourcesBuildPhase section */
		0CFF46621DE3826300A3BE8E /* Sources */ = {
			isa = PBXSourcesBuildPhase;
			buildActionMask = 2147483647;
			files = (
				0C8162B81F29021300529F5E /* NSMediaSliderTouchBarItem.swift in Sources */,
				0C5E94F81E214A02000E0013 /* Double+Extensions.swift in Sources */,
				0CB0E0511DEE04AD00B4DF17 /* PlayerHelper.swift in Sources */,
				0C56FEDA1F4AB5E200A247CB /* Imageable+Tint.swift in Sources */,
				0CCD27671DF01F440039ACDC /* DDHotKeyTextField.m in Sources */,
				0C1F20EC1F2B21E50055ACAC /* NSCustomizableButton.swift in Sources */,
				0C9A60BE1DE6071F0051CDC6 /* Song.swift in Sources */,
				0CCD27661DF01F440039ACDC /* DDHotKeyCenter.m in Sources */,
				0CCD27681DF01F440039ACDC /* DDHotKeyUtilities.m in Sources */,
				0C3750D11EFC29C700EE19AE /* Slider.swift in Sources */,
				0CFF46971DE383A300A3BE8E /* SpotifyHelper.swift in Sources */,
				0C8E3BC11E3CC43900C8EBD1 /* iTunesHelper.swift in Sources */,
				0C9A60C71DE75DCC0051CDC6 /* Imageable+Download.swift in Sources */,
				0CFF466C1DE3826300A3BE8E /* ViewController.swift in Sources */,
				0C21EBC01E12F9C700E9268C /* NSWindow+Extensions.swift in Sources */,
				0CFF46951DE382BA00A3BE8E /* WindowController.swift in Sources */,
				0C4AF0491F9A305000240EAB /* SearchController.swift in Sources */,
				0C5B6CC71F1E4D6D007DDC0F /* TouchBarMaker.swift in Sources */,
				0C3EEA4A1F8A1D8300056FA7 /* KeyCombination.swift in Sources */,
				0C48DA421E181C0B0059BA69 /* PlayersManager.swift in Sources */,
				0CEAEB3F1E16624800BD68D5 /* DispatchQueue+Extensions.swift in Sources */,
				0C55B89D1F3F87C7002B4CF0 /* NSView+Extensions.swift in Sources */,
				0C3FFF491F9CD5B1006B7A5C /* KeySensitiveTableView.swift in Sources */,
				0C0980571E2830E500FF9FE0 /* NSTouch+Extensions.swift in Sources */,
				0CC8466B1DF728AE00941787 /* MPRemoteCommand+Extensions.swift in Sources */,
				0CEAEB3D1E15A34400BD68D5 /* VoxHelper.swift in Sources */,
				0C676BD91DF4834100B75164 /* WindowController+RemoteCommandCenter.swift in Sources */,
				0C9B62331E1EAE9100660633 /* ButtonCell.swift in Sources */,
				0C9B62271E1C357100660633 /* NSImageColors.swift in Sources */,
				0CEAEB391E14583500BD68D5 /* String+Extensions.swift in Sources */,
				0C474DB51F839C720067BC8C /* PlayerNotification.swift in Sources */,
				0C474DB31F839BEB0067BC8C /* PlayerEvent.swift in Sources */,
				0CDD1ADB1DF04B570027661A /* SliderCell.swift in Sources */,
				0CA45AC31F17D0DB00B2DD21 /* DFRPrivateHeader.m in Sources */,
				0CF8B7E41DF9772900CDD130 /* NSHoverableView.swift in Sources */,
				0C6C10B31F9B60B400C20061 /* ResultsTableCellView.swift in Sources */,
				0C1F20F41F2B9F3C0055ACAC /* Preferences.swift in Sources */,
				0C8B16791F82A31C0009BE7B /* NSBezierPath+CGPath.swift in Sources */,
				0C6C10B51F9B8FDF00C20061 /* CustomHighlightTableRowView.swift in Sources */,
				0CD2870E1E106D4600EF0E73 /* NSImage+Extensions.swift in Sources */,
				0C9B622C1E1D696400660633 /* Animations.swift in Sources */,
				0CFF466A1DE3826300A3BE8E /* AppDelegate.swift in Sources */,
			);
			runOnlyForDeploymentPostprocessing = 0;
		};
		0CFF46731DE3826300A3BE8E /* Sources */ = {
			isa = PBXSourcesBuildPhase;
			buildActionMask = 2147483647;
			files = (
				0CFF467C1DE3826300A3BE8E /* MuseTests.swift in Sources */,
			);
			runOnlyForDeploymentPostprocessing = 0;
		};
		0CFF467E1DE3826300A3BE8E /* Sources */ = {
			isa = PBXSourcesBuildPhase;
			buildActionMask = 2147483647;
			files = (
				0CFF46871DE3826300A3BE8E /* MuseUITests.swift in Sources */,
			);
			runOnlyForDeploymentPostprocessing = 0;
		};
/* End PBXSourcesBuildPhase section */

/* Begin PBXTargetDependency section */
		0CFF46791DE3826300A3BE8E /* PBXTargetDependency */ = {
			isa = PBXTargetDependency;
			target = 0CFF46651DE3826300A3BE8E /* Muse */;
			targetProxy = 0CFF46781DE3826300A3BE8E /* PBXContainerItemProxy */;
		};
		0CFF46841DE3826300A3BE8E /* PBXTargetDependency */ = {
			isa = PBXTargetDependency;
			target = 0CFF46651DE3826300A3BE8E /* Muse */;
			targetProxy = 0CFF46831DE3826300A3BE8E /* PBXContainerItemProxy */;
		};
/* End PBXTargetDependency section */

/* Begin PBXVariantGroup section */
		0CFF466F1DE3826300A3BE8E /* Main.storyboard */ = {
			isa = PBXVariantGroup;
			children = (
				0CFF46701DE3826300A3BE8E /* Base */,
			);
			name = Main.storyboard;
			sourceTree = "<group>";
		};
/* End PBXVariantGroup section */

/* Begin XCBuildConfiguration section */
		0CFF46891DE3826300A3BE8E /* Debug */ = {
			isa = XCBuildConfiguration;
			buildSettings = {
				ALWAYS_SEARCH_USER_PATHS = NO;
				CLANG_ANALYZER_NONNULL = YES;
				CLANG_CXX_LANGUAGE_STANDARD = "gnu++0x";
				CLANG_CXX_LIBRARY = "libc++";
				CLANG_ENABLE_MODULES = YES;
				CLANG_ENABLE_OBJC_ARC = YES;
				CLANG_WARN_BOOL_CONVERSION = YES;
				CLANG_WARN_CONSTANT_CONVERSION = YES;
				CLANG_WARN_DIRECT_OBJC_ISA_USAGE = YES_ERROR;
				CLANG_WARN_DOCUMENTATION_COMMENTS = YES;
				CLANG_WARN_EMPTY_BODY = YES;
				CLANG_WARN_ENUM_CONVERSION = YES;
				CLANG_WARN_INFINITE_RECURSION = YES;
				CLANG_WARN_INT_CONVERSION = YES;
				CLANG_WARN_OBJC_ROOT_CLASS = YES_ERROR;
				CLANG_WARN_SUSPICIOUS_MOVE = YES;
				CLANG_WARN_SUSPICIOUS_MOVES = YES;
				CLANG_WARN_UNREACHABLE_CODE = YES;
				CLANG_WARN__DUPLICATE_METHOD_MATCH = YES;
				CODE_SIGN_IDENTITY = "-";
				COPY_PHASE_STRIP = NO;
				DEBUG_INFORMATION_FORMAT = dwarf;
				ENABLE_STRICT_OBJC_MSGSEND = YES;
				ENABLE_TESTABILITY = YES;
				GCC_C_LANGUAGE_STANDARD = gnu99;
				GCC_DYNAMIC_NO_PIC = NO;
				GCC_NO_COMMON_BLOCKS = YES;
				GCC_OPTIMIZATION_LEVEL = 0;
				GCC_PREPROCESSOR_DEFINITIONS = (
					"DEBUG=1",
					"$(inherited)",
				);
				GCC_WARN_64_TO_32_BIT_CONVERSION = YES;
				GCC_WARN_ABOUT_RETURN_TYPE = YES_ERROR;
				GCC_WARN_UNDECLARED_SELECTOR = YES;
				GCC_WARN_UNINITIALIZED_AUTOS = YES_AGGRESSIVE;
				GCC_WARN_UNUSED_FUNCTION = YES;
				GCC_WARN_UNUSED_VARIABLE = YES;
				MACOSX_DEPLOYMENT_TARGET = 10.12;
				MTL_ENABLE_DEBUG_INFO = YES;
				ONLY_ACTIVE_ARCH = YES;
				SDKROOT = macosx;
				SWIFT_ACTIVE_COMPILATION_CONDITIONS = DEBUG;
				SWIFT_OPTIMIZATION_LEVEL = "-Onone";
			};
			name = Debug;
		};
		0CFF468A1DE3826300A3BE8E /* Release */ = {
			isa = XCBuildConfiguration;
			buildSettings = {
				ALWAYS_SEARCH_USER_PATHS = NO;
				CLANG_ANALYZER_NONNULL = YES;
				CLANG_CXX_LANGUAGE_STANDARD = "gnu++0x";
				CLANG_CXX_LIBRARY = "libc++";
				CLANG_ENABLE_MODULES = YES;
				CLANG_ENABLE_OBJC_ARC = YES;
				CLANG_WARN_BOOL_CONVERSION = YES;
				CLANG_WARN_CONSTANT_CONVERSION = YES;
				CLANG_WARN_DIRECT_OBJC_ISA_USAGE = YES_ERROR;
				CLANG_WARN_DOCUMENTATION_COMMENTS = YES;
				CLANG_WARN_EMPTY_BODY = YES;
				CLANG_WARN_ENUM_CONVERSION = YES;
				CLANG_WARN_INFINITE_RECURSION = YES;
				CLANG_WARN_INT_CONVERSION = YES;
				CLANG_WARN_OBJC_ROOT_CLASS = YES_ERROR;
				CLANG_WARN_SUSPICIOUS_MOVE = YES;
				CLANG_WARN_SUSPICIOUS_MOVES = YES;
				CLANG_WARN_UNREACHABLE_CODE = YES;
				CLANG_WARN__DUPLICATE_METHOD_MATCH = YES;
				CODE_SIGN_IDENTITY = "-";
				COPY_PHASE_STRIP = NO;
				DEBUG_INFORMATION_FORMAT = "dwarf-with-dsym";
				ENABLE_NS_ASSERTIONS = NO;
				ENABLE_STRICT_OBJC_MSGSEND = YES;
				GCC_C_LANGUAGE_STANDARD = gnu99;
				GCC_NO_COMMON_BLOCKS = YES;
				GCC_WARN_64_TO_32_BIT_CONVERSION = YES;
				GCC_WARN_ABOUT_RETURN_TYPE = YES_ERROR;
				GCC_WARN_UNDECLARED_SELECTOR = YES;
				GCC_WARN_UNINITIALIZED_AUTOS = YES_AGGRESSIVE;
				GCC_WARN_UNUSED_FUNCTION = YES;
				GCC_WARN_UNUSED_VARIABLE = YES;
				MACOSX_DEPLOYMENT_TARGET = 10.12;
				MTL_ENABLE_DEBUG_INFO = NO;
				SDKROOT = macosx;
				SWIFT_OPTIMIZATION_LEVEL = "-Owholemodule";
			};
			name = Release;
		};
		0CFF468C1DE3826300A3BE8E /* Debug */ = {
			isa = XCBuildConfiguration;
			baseConfigurationReference = A357F95C2564CE8DFC96DBCC /* Pods-Muse.debug.xcconfig */;
			buildSettings = {
				ASSETCATALOG_COMPILER_APPICON_NAME = AppIcon;
				CLANG_ENABLE_MODULES = YES;
				CODE_SIGN_IDENTITY = "Mac Developer";
				CODE_SIGN_STYLE = Automatic;
				COMBINE_HIDPI_IMAGES = YES;
				DEVELOPMENT_TEAM = 95ZS5S2W7X;
				FRAMEWORK_SEARCH_PATHS = (
					"$(inherited)",
					"$(SYSTEM_LIBRARY_DIR)/PrivateFrameworks",
					"$(LOCAL_LIBRARY_DIR)/Frameworks",
				);
				INFOPLIST_FILE = "$(SRCROOT)/Muse/Resources/Info.plist";
				LD_RUNPATH_SEARCH_PATHS = "$(inherited) @executable_path/../Frameworks";
				PRODUCT_BUNDLE_IDENTIFIER = com.edge.Muse;
				PRODUCT_NAME = "$(TARGET_NAME)";
				PROVISIONING_PROFILE_SPECIFIER = "";
				SWIFT_OBJC_BRIDGING_HEADER = "Muse/Resources/Muse-Bridging-Header.h";
				SWIFT_OPTIMIZATION_LEVEL = "-Onone";
				SWIFT_VERSION = 3.0;
			};
			name = Debug;
		};
		0CFF468D1DE3826300A3BE8E /* Release */ = {
			isa = XCBuildConfiguration;
			baseConfigurationReference = 1E0C322245B2C90A7AFF4109 /* Pods-Muse.release.xcconfig */;
			buildSettings = {
				ASSETCATALOG_COMPILER_APPICON_NAME = AppIcon;
				CLANG_ENABLE_MODULES = YES;
				CODE_SIGN_IDENTITY = "Mac Developer";
				CODE_SIGN_STYLE = Automatic;
				COMBINE_HIDPI_IMAGES = YES;
				DEVELOPMENT_TEAM = 95ZS5S2W7X;
				FRAMEWORK_SEARCH_PATHS = (
					"$(inherited)",
					"$(SYSTEM_LIBRARY_DIR)/PrivateFrameworks",
					"$(LOCAL_LIBRARY_DIR)/Frameworks",
				);
				INFOPLIST_FILE = "$(SRCROOT)/Muse/Resources/Info.plist";
				LD_RUNPATH_SEARCH_PATHS = "$(inherited) @executable_path/../Frameworks";
				PRODUCT_BUNDLE_IDENTIFIER = com.edge.Muse;
				PRODUCT_NAME = "$(TARGET_NAME)";
				PROVISIONING_PROFILE_SPECIFIER = "";
				SWIFT_OBJC_BRIDGING_HEADER = "Muse/Resources/Muse-Bridging-Header.h";
				SWIFT_VERSION = 3.0;
			};
			name = Release;
		};
		0CFF468F1DE3826300A3BE8E /* Debug */ = {
			isa = XCBuildConfiguration;
			buildSettings = {
				ALWAYS_EMBED_SWIFT_STANDARD_LIBRARIES = YES;
				BUNDLE_LOADER = "$(TEST_HOST)";
				COMBINE_HIDPI_IMAGES = YES;
				INFOPLIST_FILE = MuseTests/Info.plist;
				LD_RUNPATH_SEARCH_PATHS = "$(inherited) @executable_path/../Frameworks @loader_path/../Frameworks";
				PRODUCT_BUNDLE_IDENTIFIER = com.edge.MuseTests;
				PRODUCT_NAME = "$(TARGET_NAME)";
				SWIFT_VERSION = 3.0;
				TEST_HOST = "$(BUILT_PRODUCTS_DIR)/Muse.app/Contents/MacOS/Muse";
			};
			name = Debug;
		};
		0CFF46901DE3826300A3BE8E /* Release */ = {
			isa = XCBuildConfiguration;
			buildSettings = {
				ALWAYS_EMBED_SWIFT_STANDARD_LIBRARIES = YES;
				BUNDLE_LOADER = "$(TEST_HOST)";
				COMBINE_HIDPI_IMAGES = YES;
				INFOPLIST_FILE = MuseTests/Info.plist;
				LD_RUNPATH_SEARCH_PATHS = "$(inherited) @executable_path/../Frameworks @loader_path/../Frameworks";
				PRODUCT_BUNDLE_IDENTIFIER = com.edge.MuseTests;
				PRODUCT_NAME = "$(TARGET_NAME)";
				SWIFT_VERSION = 3.0;
				TEST_HOST = "$(BUILT_PRODUCTS_DIR)/Muse.app/Contents/MacOS/Muse";
			};
			name = Release;
		};
		0CFF46921DE3826300A3BE8E /* Debug */ = {
			isa = XCBuildConfiguration;
			buildSettings = {
				ALWAYS_EMBED_SWIFT_STANDARD_LIBRARIES = YES;
				COMBINE_HIDPI_IMAGES = YES;
				INFOPLIST_FILE = MuseUITests/Info.plist;
				LD_RUNPATH_SEARCH_PATHS = "$(inherited) @executable_path/../Frameworks @loader_path/../Frameworks";
				PRODUCT_BUNDLE_IDENTIFIER = com.edge.MuseUITests;
				PRODUCT_NAME = "$(TARGET_NAME)";
				SWIFT_VERSION = 3.0;
				TEST_TARGET_NAME = Muse;
			};
			name = Debug;
		};
		0CFF46931DE3826300A3BE8E /* Release */ = {
			isa = XCBuildConfiguration;
			buildSettings = {
				ALWAYS_EMBED_SWIFT_STANDARD_LIBRARIES = YES;
				COMBINE_HIDPI_IMAGES = YES;
				INFOPLIST_FILE = MuseUITests/Info.plist;
				LD_RUNPATH_SEARCH_PATHS = "$(inherited) @executable_path/../Frameworks @loader_path/../Frameworks";
				PRODUCT_BUNDLE_IDENTIFIER = com.edge.MuseUITests;
				PRODUCT_NAME = "$(TARGET_NAME)";
				SWIFT_VERSION = 3.0;
				TEST_TARGET_NAME = Muse;
			};
			name = Release;
		};
/* End XCBuildConfiguration section */

/* Begin XCConfigurationList section */
		0CFF46611DE3826300A3BE8E /* Build configuration list for PBXProject "Muse" */ = {
			isa = XCConfigurationList;
			buildConfigurations = (
				0CFF46891DE3826300A3BE8E /* Debug */,
				0CFF468A1DE3826300A3BE8E /* Release */,
			);
			defaultConfigurationIsVisible = 0;
			defaultConfigurationName = Release;
		};
		0CFF468B1DE3826300A3BE8E /* Build configuration list for PBXNativeTarget "Muse" */ = {
			isa = XCConfigurationList;
			buildConfigurations = (
				0CFF468C1DE3826300A3BE8E /* Debug */,
				0CFF468D1DE3826300A3BE8E /* Release */,
			);
			defaultConfigurationIsVisible = 0;
			defaultConfigurationName = Release;
		};
		0CFF468E1DE3826300A3BE8E /* Build configuration list for PBXNativeTarget "MuseTests" */ = {
			isa = XCConfigurationList;
			buildConfigurations = (
				0CFF468F1DE3826300A3BE8E /* Debug */,
				0CFF46901DE3826300A3BE8E /* Release */,
			);
			defaultConfigurationIsVisible = 0;
			defaultConfigurationName = Release;
		};
		0CFF46911DE3826300A3BE8E /* Build configuration list for PBXNativeTarget "MuseUITests" */ = {
			isa = XCConfigurationList;
			buildConfigurations = (
				0CFF46921DE3826300A3BE8E /* Debug */,
				0CFF46931DE3826300A3BE8E /* Release */,
			);
			defaultConfigurationIsVisible = 0;
			defaultConfigurationName = Release;
		};
/* End XCConfigurationList section */
	};
	rootObject = 0CFF465E1DE3826300A3BE8E /* Project object */;
}
